// !$*UTF8*$!
{
	archiveVersion = 1;
	classes = {
	};
	objectVersion = 50;
	objects = {

/* Begin PBXBuildFile section */
		968D005C222FD540004B8D89 /* AppDelegate.swift in Sources */ = {isa = PBXBuildFile; fileRef = 968D005B222FD540004B8D89 /* AppDelegate.swift */; };
		968D005E222FD540004B8D89 /* ViewController.swift in Sources */ = {isa = PBXBuildFile; fileRef = 968D005D222FD540004B8D89 /* ViewController.swift */; };
		968D0060222FD541004B8D89 /* Assets.xcassets in Resources */ = {isa = PBXBuildFile; fileRef = 968D005F222FD541004B8D89 /* Assets.xcassets */; };
		968D0063222FD541004B8D89 /* Main.storyboard in Resources */ = {isa = PBXBuildFile; fileRef = 968D0061222FD541004B8D89 /* Main.storyboard */; };
		968D006F222FD597004B8D89 /* SimpleModal.swift in Sources */ = {isa = PBXBuildFile; fileRef = 968D006D222FD597004B8D89 /* SimpleModal.swift */; };
		968D0070222FD597004B8D89 /* SimpleModal.xib in Resources */ = {isa = PBXBuildFile; fileRef = 968D006E222FD597004B8D89 /* SimpleModal.xib */; };
		968D007322312B80004B8D89 /* SimpleModalVC.swift in Sources */ = {isa = PBXBuildFile; fileRef = 968D007122312B80004B8D89 /* SimpleModalVC.swift */; };
		968D007422312B80004B8D89 /* SimpleModalVC.xib in Resources */ = {isa = PBXBuildFile; fileRef = 968D007222312B80004B8D89 /* SimpleModalVC.xib */; };
/* End PBXBuildFile section */

/* Begin PBXFileReference section */
		968D0058222FD540004B8D89 /* ModalViewExample.app */ = {isa = PBXFileReference; explicitFileType = wrapper.application; includeInIndex = 0; path = ModalViewExample.app; sourceTree = BUILT_PRODUCTS_DIR; };
		968D005B222FD540004B8D89 /* AppDelegate.swift */ = {isa = PBXFileReference; lastKnownFileType = sourcecode.swift; path = AppDelegate.swift; sourceTree = "<group>"; };
		968D005D222FD540004B8D89 /* ViewController.swift */ = {isa = PBXFileReference; lastKnownFileType = sourcecode.swift; path = ViewController.swift; sourceTree = "<group>"; };
		968D005F222FD541004B8D89 /* Assets.xcassets */ = {isa = PBXFileReference; lastKnownFileType = folder.assetcatalog; path = Assets.xcassets; sourceTree = "<group>"; };
		968D0062222FD541004B8D89 /* Base */ = {isa = PBXFileReference; lastKnownFileType = file.storyboard; name = Base; path = Base.lproj/Main.storyboard; sourceTree = "<group>"; };
		968D0064222FD541004B8D89 /* Info.plist */ = {isa = PBXFileReference; lastKnownFileType = text.plist.xml; path = Info.plist; sourceTree = "<group>"; };
		968D0065222FD541004B8D89 /* ModalViewExample.entitlements */ = {isa = PBXFileReference; lastKnownFileType = text.plist.entitlements; path = ModalViewExample.entitlements; sourceTree = "<group>"; };
		968D006D222FD597004B8D89 /* SimpleModal.swift */ = {isa = PBXFileReference; lastKnownFileType = sourcecode.swift; path = SimpleModal.swift; sourceTree = "<group>"; };
		968D006E222FD597004B8D89 /* SimpleModal.xib */ = {isa = PBXFileReference; lastKnownFileType = file.xib; path = SimpleModal.xib; sourceTree = "<group>"; };
		968D007122312B80004B8D89 /* SimpleModalVC.swift */ = {isa = PBXFileReference; lastKnownFileType = sourcecode.swift; path = SimpleModalVC.swift; sourceTree = "<group>"; };
		968D007222312B80004B8D89 /* SimpleModalVC.xib */ = {isa = PBXFileReference; lastKnownFileType = file.xib; path = SimpleModalVC.xib; sourceTree = "<group>"; };
/* End PBXFileReference section */

/* Begin PBXFrameworksBuildPhase section */
		968D0055222FD540004B8D89 /* Frameworks */ = {
			isa = PBXFrameworksBuildPhase;
			buildActionMask = 2147483647;
			files = (
			);
			runOnlyForDeploymentPostprocessing = 0;
		};
/* End PBXFrameworksBuildPhase section */

/* Begin PBXGroup section */
		968D004F222FD540004B8D89 = {
			isa = PBXGroup;
			children = (
				968D006B222FD557004B8D89 /* CustomViews */,
				968D005A222FD540004B8D89 /* ModalViewExample */,
				968D0059222FD540004B8D89 /* Products */,
			);
			sourceTree = "<group>";
		};
		968D0059222FD540004B8D89 /* Products */ = {
			isa = PBXGroup;
			children = (
				968D0058222FD540004B8D89 /* ModalViewExample.app */,
			);
			name = Products;
			sourceTree = "<group>";
		};
		968D005A222FD540004B8D89 /* ModalViewExample */ = {
			isa = PBXGroup;
			children = (
				968D005B222FD540004B8D89 /* AppDelegate.swift */,
				968D005D222FD540004B8D89 /* ViewController.swift */,
				968D005F222FD541004B8D89 /* Assets.xcassets */,
				968D0061222FD541004B8D89 /* Main.storyboard */,
				968D0064222FD541004B8D89 /* Info.plist */,
				968D0065222FD541004B8D89 /* ModalViewExample.entitlements */,
			);
			path = ModalViewExample;
			sourceTree = "<group>";
		};
		968D006B222FD557004B8D89 /* CustomViews */ = {
			isa = PBXGroup;
			children = (
				968D006C222FD571004B8D89 /* SimpleModal */,
			);
			path = CustomViews;
			sourceTree = "<group>";
		};
		968D006C222FD571004B8D89 /* SimpleModal */ = {
			isa = PBXGroup;
			children = (
				968D006D222FD597004B8D89 /* SimpleModal.swift */,
				968D006E222FD597004B8D89 /* SimpleModal.xib */,
				968D007122312B80004B8D89 /* SimpleModalVC.swift */,
				968D007222312B80004B8D89 /* SimpleModalVC.xib */,
			);
			path = SimpleModal;
			sourceTree = "<group>";
		};
/* End PBXGroup section */

/* Begin PBXNativeTarget section */
		968D0057222FD540004B8D89 /* ModalViewExample */ = {
			isa = PBXNativeTarget;
			buildConfigurationList = 968D0068222FD541004B8D89 /* Build configuration list for PBXNativeTarget "ModalViewExample" */;
			buildPhases = (
				968D0054222FD540004B8D89 /* Sources */,
				968D0055222FD540004B8D89 /* Frameworks */,
				968D0056222FD540004B8D89 /* Resources */,
			);
			buildRules = (
			);
			dependencies = (
			);
			name = ModalViewExample;
			productName = ModalViewExample;
			productReference = 968D0058222FD540004B8D89 /* ModalViewExample.app */;
			productType = "com.apple.product-type.application";
		};
/* End PBXNativeTarget section */

/* Begin PBXProject section */
		968D0050222FD540004B8D89 /* Project object */ = {
			isa = PBXProject;
			attributes = {
				LastSwiftUpdateCheck = 1010;
				LastUpgradeCheck = 1010;
				ORGANIZATIONNAME = "Digivox BV";
				TargetAttributes = {
					968D0057222FD540004B8D89 = {
						CreatedOnToolsVersion = 10.1;
					};
				};
			};
			buildConfigurationList = 968D0053222FD540004B8D89 /* Build configuration list for PBXProject "ModalViewExample" */;
			compatibilityVersion = "Xcode 9.3";
			developmentRegion = en;
			hasScannedForEncodings = 0;
			knownRegions = (
				en,
				Base,
			);
			mainGroup = 968D004F222FD540004B8D89;
			productRefGroup = 968D0059222FD540004B8D89 /* Products */;
			projectDirPath = "";
			projectRoot = "";
			targets = (
				968D0057222FD540004B8D89 /* ModalViewExample */,
			);
		};
/* End PBXProject section */

/* Begin PBXResourcesBuildPhase section */
		968D0056222FD540004B8D89 /* Resources */ = {
			isa = PBXResourcesBuildPhase;
			buildActionMask = 2147483647;
			files = (
				968D0060222FD541004B8D89 /* Assets.xcassets in Resources */,
				968D0070222FD597004B8D89 /* SimpleModal.xib in Resources */,
				968D007422312B80004B8D89 /* SimpleModalVC.xib in Resources */,
				968D0063222FD541004B8D89 /* Main.storyboard in Resources */,
			);
			runOnlyForDeploymentPostprocessing = 0;
		};
/* End PBXResourcesBuildPhase section */

/* Begin PBXSourcesBuildPhase section */
		968D0054222FD540004B8D89 /* Sources */ = {
			isa = PBXSourcesBuildPhase;
			buildActionMask = 2147483647;
			files = (
				968D005E222FD540004B8D89 /* ViewController.swift in Sources */,
				968D005C222FD540004B8D89 /* AppDelegate.swift in Sources */,
				968D007322312B80004B8D89 /* SimpleModalVC.swift in Sources */,
				968D006F222FD597004B8D89 /* SimpleModal.swift in Sources */,
			);
			runOnlyForDeploymentPostprocessing = 0;
		};
/* End PBXSourcesBuildPhase section */

/* Begin PBXVariantGroup section */
		968D0061222FD541004B8D89 /* Main.storyboard */ = {
			isa = PBXVariantGroup;
			children = (
				968D0062222FD541004B8D89 /* Base */,
			);
			name = Main.storyboard;
			sourceTree = "<group>";
		};
/* End PBXVariantGroup section */

/* Begin XCBuildConfiguration section */
		968D0066222FD541004B8D89 /* Debug */ = {
			isa = XCBuildConfiguration;
			buildSettings = {
				ALWAYS_SEARCH_USER_PATHS = NO;
				CLANG_ANALYZER_NONNULL = YES;
				CLANG_ANALYZER_NUMBER_OBJECT_CONVERSION = YES_AGGRESSIVE;
				CLANG_CXX_LANGUAGE_STANDARD = "gnu++14";
				CLANG_CXX_LIBRARY = "libc++";
				CLANG_ENABLE_MODULES = YES;
				CLANG_ENABLE_OBJC_ARC = YES;
				CLANG_ENABLE_OBJC_WEAK = YES;
				CLANG_WARN_BLOCK_CAPTURE_AUTORELEASING = YES;
				CLANG_WARN_BOOL_CONVERSION = YES;
				CLANG_WARN_COMMA = YES;
				CLANG_WARN_CONSTANT_CONVERSION = YES;
				CLANG_WARN_DEPRECATED_OBJC_IMPLEMENTATIONS = YES;
				CLANG_WARN_DIRECT_OBJC_ISA_USAGE = YES_ERROR;
				CLANG_WARN_DOCUMENTATION_COMMENTS = YES;
				CLANG_WARN_EMPTY_BODY = YES;
				CLANG_WARN_ENUM_CONVERSION = YES;
				CLANG_WARN_INFINITE_RECURSION = YES;
				CLANG_WARN_INT_CONVERSION = YES;
				CLANG_WARN_NON_LITERAL_NULL_CONVERSION = YES;
				CLANG_WARN_OBJC_IMPLICIT_RETAIN_SELF = YES;
				CLANG_WARN_OBJC_LITERAL_CONVERSION = YES;
				CLANG_WARN_OBJC_ROOT_CLASS = YES_ERROR;
				CLANG_WARN_RANGE_LOOP_ANALYSIS = YES;
				CLANG_WARN_STRICT_PROTOTYPES = YES;
				CLANG_WARN_SUSPICIOUS_MOVE = YES;
				CLANG_WARN_UNGUARDED_AVAILABILITY = YES_AGGRESSIVE;
				CLANG_WARN_UNREACHABLE_CODE = YES;
				CLANG_WARN__DUPLICATE_METHOD_MATCH = YES;
				CODE_SIGN_IDENTITY = "Mac Developer";
				COPY_PHASE_STRIP = NO;
				DEBUG_INFORMATION_FORMAT = dwarf;
				ENABLE_STRICT_OBJC_MSGSEND = YES;
				ENABLE_TESTABILITY = YES;
				GCC_C_LANGUAGE_STANDARD = gnu11;
				GCC_DYNAMIC_NO_PIC = NO;
				GCC_NO_COMMON_BLOCKS = YES;
				GCC_OPTIMIZATION_LEVEL = 0;
				GCC_PREPROCESSOR_DEFINITIONS = (
					"DEBUG=1",
					"$(inherited)",
				);
				GCC_WARN_64_TO_32_BIT_CONVERSION = YES;
				GCC_WARN_ABOUT_RETURN_TYPE = YES_ERROR;
				GCC_WARN_UNDECLARED_SELECTOR = YES;
				GCC_WARN_UNINITIALIZED_AUTOS = YES_AGGRESSIVE;
				GCC_WARN_UNUSED_FUNCTION = YES;
				GCC_WARN_UNUSED_VARIABLE = YES;
				MACOSX_DEPLOYMENT_TARGET = 10.14;
				MTL_ENABLE_DEBUG_INFO = INCLUDE_SOURCE;
				MTL_FAST_MATH = YES;
				ONLY_ACTIVE_ARCH = YES;
				SDKROOT = macosx;
				SWIFT_ACTIVE_COMPILATION_CONDITIONS = DEBUG;
				SWIFT_OPTIMIZATION_LEVEL = "-Onone";
			};
			name = Debug;
		};
		968D0067222FD541004B8D89 /* Release */ = {
			isa = XCBuildConfiguration;
			buildSettings = {
				ALWAYS_SEARCH_USER_PATHS = NO;
				CLANG_ANALYZER_NONNULL = YES;
				CLANG_ANALYZER_NUMBER_OBJECT_CONVERSION = YES_AGGRESSIVE;
				CLANG_CXX_LANGUAGE_STANDARD = "gnu++14";
				CLANG_CXX_LIBRARY = "libc++";
				CLANG_ENABLE_MODULES = YES;
				CLANG_ENABLE_OBJC_ARC = YES;
				CLANG_ENABLE_OBJC_WEAK = YES;
				CLANG_WARN_BLOCK_CAPTURE_AUTORELEASING = YES;
				CLANG_WARN_BOOL_CONVERSION = YES;
				CLANG_WARN_COMMA = YES;
				CLANG_WARN_CONSTANT_CONVERSION = YES;
				CLANG_WARN_DEPRECATED_OBJC_IMPLEMENTATIONS = YES;
				CLANG_WARN_DIRECT_OBJC_ISA_USAGE = YES_ERROR;
				CLANG_WARN_DOCUMENTATION_COMMENTS = YES;
				CLANG_WARN_EMPTY_BODY = YES;
				CLANG_WARN_ENUM_CONVERSION = YES;
				CLANG_WARN_INFINITE_RECURSION = YES;
				CLANG_WARN_INT_CONVERSION = YES;
				CLANG_WARN_NON_LITERAL_NULL_CONVERSION = YES;
				CLANG_WARN_OBJC_IMPLICIT_RETAIN_SELF = YES;
				CLANG_WARN_OBJC_LITERAL_CONVERSION = YES;
				CLANG_WARN_OBJC_ROOT_CLASS = YES_ERROR;
				CLANG_WARN_RANGE_LOOP_ANALYSIS = YES;
				CLANG_WARN_STRICT_PROTOTYPES = YES;
				CLANG_WARN_SUSPICIOUS_MOVE = YES;
				CLANG_WARN_UNGUARDED_AVAILABILITY = YES_AGGRESSIVE;
				CLANG_WARN_UNREACHABLE_CODE = YES;
				CLANG_WARN__DUPLICATE_METHOD_MATCH = YES;
				CODE_SIGN_IDENTITY = "Mac Developer";
				COPY_PHASE_STRIP = NO;
				DEBUG_INFORMATION_FORMAT = "dwarf-with-dsym";
				ENABLE_NS_ASSERTIONS = NO;
				ENABLE_STRICT_OBJC_MSGSEND = YES;
				GCC_C_LANGUAGE_STANDARD = gnu11;
				GCC_NO_COMMON_BLOCKS = YES;
				GCC_WARN_64_TO_32_BIT_CONVERSION = YES;
				GCC_WARN_ABOUT_RETURN_TYPE = YES_ERROR;
				GCC_WARN_UNDECLARED_SELECTOR = YES;
				GCC_WARN_UNINITIALIZED_AUTOS = YES_AGGRESSIVE;
				GCC_WARN_UNUSED_FUNCTION = YES;
				GCC_WARN_UNUSED_VARIABLE = YES;
				MACOSX_DEPLOYMENT_TARGET = 10.14;
				MTL_ENABLE_DEBUG_INFO = NO;
				MTL_FAST_MATH = YES;
				SDKROOT = macosx;
				SWIFT_COMPILATION_MODE = wholemodule;
				SWIFT_OPTIMIZATION_LEVEL = "-O";
			};
			name = Release;
		};
		968D0069222FD541004B8D89 /* Debug */ = {
			isa = XCBuildConfiguration;
			buildSettings = {
				ASSETCATALOG_COMPILER_APPICON_NAME = AppIcon;
				CODE_SIGN_ENTITLEMENTS = ModalViewExample/ModalViewExample.entitlements;
				CODE_SIGN_STYLE = Automatic;
				COMBINE_HIDPI_IMAGES = YES;
				DEVELOPMENT_TEAM = 6FPJV97UR5;
				INFOPLIST_FILE = ModalViewExample/Info.plist;
				LD_RUNPATH_SEARCH_PATHS = (
					"$(inherited)",
					"@executable_path/../Frameworks",
				);
				PRODUCT_BUNDLE_IDENTIFIER = Digivox.ModalViewExample;
				PRODUCT_NAME = "$(TARGET_NAME)";
				SWIFT_VERSION = 4.2;
			};
			name = Debug;
		};
		968D006A222FD541004B8D89 /* Release */ = {
			isa = XCBuildConfiguration;
			buildSettings = {
				ASSETCATALOG_COMPILER_APPICON_NAME = AppIcon;
				CODE_SIGN_ENTITLEMENTS = ModalViewExample/ModalViewExample.entitlements;
				CODE_SIGN_STYLE = Automatic;
				COMBINE_HIDPI_IMAGES = YES;
				DEVELOPMENT_TEAM = 6FPJV97UR5;
				INFOPLIST_FILE = ModalViewExample/Info.plist;
				LD_RUNPATH_SEARCH_PATHS = (
					"$(inherited)",
					"@executable_path/../Frameworks",
				);
				PRODUCT_BUNDLE_IDENTIFIER = Digivox.ModalViewExample;
				PRODUCT_NAME = "$(TARGET_NAME)";
				SWIFT_VERSION = 4.2;
			};
			name = Release;
		};
/* End XCBuildConfiguration section */

/* Begin XCConfigurationList section */
		968D0053222FD540004B8D89 /* Build configuration list for PBXProject "ModalViewExample" */ = {
			isa = XCConfigurationList;
			buildConfigurations = (
				968D0066222FD541004B8D89 /* Debug */,
				968D0067222FD541004B8D89 /* Release */,
			);
			defaultConfigurationIsVisible = 0;
			defaultConfigurationName = Release;
		};
		968D0068222FD541004B8D89 /* Build configuration list for PBXNativeTarget "ModalViewExample" */ = {
			isa = XCConfigurationList;
			buildConfigurations = (
				968D0069222FD541004B8D89 /* Debug */,
				968D006A222FD541004B8D89 /* Release */,
			);
			defaultConfigurationIsVisible = 0;
			defaultConfigurationName = Release;
		};
/* End XCConfigurationList section */
	};
	rootObject = 968D0050222FD540004B8D89 /* Project object */;
}
